
Microsoft Visual Studio Solution File, Format Version 12.00
# Visual Studio Version 17
VisualStudioVersion = 17.4.33213.308
MinimumVisualStudioVersion = 10.0.40219.1
Project("{FAE04EC0-301F-11D3-BF4B-00C04F79EFBC}") = "libreng", "libreng\libreng.csproj", "{590D7634-27D8-4393-AFA8-F1F87107F09C}"
EndProject
Global
	GlobalSection(SolutionConfigurationPlatforms) = preSolution
		Debug|Any CPU = Debug|Any CPU
		Release|Any CPU = Release|Any CPU
	EndGlobalSection
	GlobalSection(ProjectConfigurationPlatforms) = postSolution
		{590D7634-27D8-4393-AFA8-F1F87107F09C}.Debug|Any CPU.ActiveCfg = Debug|Any CPU
		{590D7634-27D8-4393-AFA8-F1F87107F09C}.Debug|Any CPU.Build.0 = Debug|Any CPU
		{590D7634-27D8-4393-AFA8-F1F87107F09C}.Release|Any CPU.ActiveCfg = Release|Any CPU
		{590D7634-27D8-4393-AFA8-F1F87107F09C}.Release|Any CPU.Build.0 = Release|Any CPU
	EndGlobalSection
	GlobalSection(SolutionProperties) = preSolution
		HideSolutionNode = FALSE
	EndGlobalSection
	GlobalSection(ExtensibilityGlobals) = postSolution
		SolutionGuid = {6CFFEB56-BAFA-4692-9C89-B6F6BD4640B8}
	EndGlobalSection
EndGlobal
